
Microsoft Visual Studio Solution File, Format Version 12.00
# Visual Studio 15
VisualStudioVersion = 15.0.27428.2037
MinimumVisualStudioVersion = 10.0.40219.1
Project("{FAE04EC0-301F-11D3-BF4B-00C04F79EFBC}") = "capstone1", "capstone1\capstone1.csproj", "{3AF2FB50-FAC8-4ABB-97FD-B693B0F12D64}"
EndProject
Global
	GlobalSection(SolutionConfigurationPlatforms) = preSolution
		Debug|Any CPU = Debug|Any CPU
		Release|Any CPU = Release|Any CPU
	EndGlobalSection
	GlobalSection(ProjectConfigurationPlatforms) = postSolution
		{3AF2FB50-FAC8-4ABB-97FD-B693B0F12D64}.Debug|Any CPU.ActiveCfg = Debug|Any CPU
		{3AF2FB50-FAC8-4ABB-97FD-B693B0F12D64}.Debug|Any CPU.Build.0 = Debug|Any CPU
		{3AF2FB50-FAC8-4ABB-97FD-B693B0F12D64}.Release|Any CPU.ActiveCfg = Release|Any CPU
		{3AF2FB50-FAC8-4ABB-97FD-B693B0F12D64}.Release|Any CPU.Build.0 = Release|Any CPU
	EndGlobalSection
	GlobalSection(SolutionProperties) = preSolution
		HideSolutionNode = FALSE
	EndGlobalSection
	GlobalSection(ExtensibilityGlobals) = postSolution
		SolutionGuid = {8A9D4137-75F3-4DC2-9DD6-B3404208B879}
	EndGlobalSection
EndGlobal
